// !$*UTF8*$!
{
	archiveVersion = 1;
	classes = {
	};
	objectVersion = 50;
	objects = {

/* Begin PBXBuildFile section */
		B3620DCB24D0B99D00B662C3 /* KnotTableViewCell.swift in Sources */ = {isa = PBXBuildFile; fileRef = B3620DCA24D0B99D00B662C3 /* KnotTableViewCell.swift */; };
		B3620DCD24D0E5F800B662C3 /* SideBar.swift in Sources */ = {isa = PBXBuildFile; fileRef = B3620DCC24D0E5F800B662C3 /* SideBar.swift */; };
		B3620DD524D0FB4700B662C3 /* download.jpg in Resources */ = {isa = PBXBuildFile; fileRef = B3620DD424D0FB4700B662C3 /* download.jpg */; };
		B36FF4D224CCF1C40046BD39 /* AppDelegate.swift in Sources */ = {isa = PBXBuildFile; fileRef = B36FF4D124CCF1C40046BD39 /* AppDelegate.swift */; };
		B36FF4D424CCF1C40046BD39 /* art.scnassets in Resources */ = {isa = PBXBuildFile; fileRef = B36FF4D324CCF1C40046BD39 /* art.scnassets */; };
		B36FF4D624CCF1C40046BD39 /* ViewController.swift in Sources */ = {isa = PBXBuildFile; fileRef = B36FF4D524CCF1C40046BD39 /* ViewController.swift */; };
		B36FF4D924CCF1C40046BD39 /* Main.storyboard in Resources */ = {isa = PBXBuildFile; fileRef = B36FF4D724CCF1C40046BD39 /* Main.storyboard */; };
		B36FF4DB24CCF1C50046BD39 /* Assets.xcassets in Resources */ = {isa = PBXBuildFile; fileRef = B36FF4DA24CCF1C50046BD39 /* Assets.xcassets */; };
		B36FF4DE24CCF1C50046BD39 /* LaunchScreen.storyboard in Resources */ = {isa = PBXBuildFile; fileRef = B36FF4DC24CCF1C50046BD39 /* LaunchScreen.storyboard */; };
		B36FF4E924CCF1C50046BD39 /* Knot_VisualizerTests.swift in Sources */ = {isa = PBXBuildFile; fileRef = B36FF4E824CCF1C50046BD39 /* Knot_VisualizerTests.swift */; };
		B36FF4F424CCF1C50046BD39 /* Knot_VisualizerUITests.swift in Sources */ = {isa = PBXBuildFile; fileRef = B36FF4F324CCF1C50046BD39 /* Knot_VisualizerUITests.swift */; };
		B36FF50624CF7BE90046BD39 /* SideBarTableViewController.swift in Sources */ = {isa = PBXBuildFile; fileRef = B36FF50524CF7BE90046BD39 /* SideBarTableViewController.swift */; };
		B36FF50924CF7DDA0046BD39 /* Knot.swift in Sources */ = {isa = PBXBuildFile; fileRef = B36FF50824CF7DDA0046BD39 /* Knot.swift */; };
		B36FF50B24CF84160046BD39 /* KnotState.swift in Sources */ = {isa = PBXBuildFile; fileRef = B36FF50A24CF84160046BD39 /* KnotState.swift */; };
/* End PBXBuildFile section */

/* Begin PBXContainerItemProxy section */
		B36FF4E524CCF1C50046BD39 /* PBXContainerItemProxy */ = {
			isa = PBXContainerItemProxy;
			containerPortal = B36FF4C624CCF1C40046BD39 /* Project object */;
			proxyType = 1;
			remoteGlobalIDString = B36FF4CD24CCF1C40046BD39;
			remoteInfo = "Knot Visualizer";
		};
		B36FF4F024CCF1C50046BD39 /* PBXContainerItemProxy */ = {
			isa = PBXContainerItemProxy;
			containerPortal = B36FF4C624CCF1C40046BD39 /* Project object */;
			proxyType = 1;
			remoteGlobalIDString = B36FF4CD24CCF1C40046BD39;
			remoteInfo = "Knot Visualizer";
		};
/* End PBXContainerItemProxy section */

/* Begin PBXFileReference section */
		B3620DCA24D0B99D00B662C3 /* KnotTableViewCell.swift */ = {isa = PBXFileReference; lastKnownFileType = sourcecode.swift; path = KnotTableViewCell.swift; sourceTree = "<group>"; };
		B3620DCC24D0E5F800B662C3 /* SideBar.swift */ = {isa = PBXFileReference; lastKnownFileType = sourcecode.swift; path = SideBar.swift; sourceTree = "<group>"; };
		B3620DD424D0FB4700B662C3 /* download.jpg */ = {isa = PBXFileReference; lastKnownFileType = image.jpeg; path = download.jpg; sourceTree = "<group>"; };
		B36FF4CE24CCF1C40046BD39 /* Knot Visualizer.app */ = {isa = PBXFileReference; explicitFileType = wrapper.application; includeInIndex = 0; path = "Knot Visualizer.app"; sourceTree = BUILT_PRODUCTS_DIR; };
		B36FF4D124CCF1C40046BD39 /* AppDelegate.swift */ = {isa = PBXFileReference; lastKnownFileType = sourcecode.swift; path = AppDelegate.swift; sourceTree = "<group>"; };
		B36FF4D324CCF1C40046BD39 /* art.scnassets */ = {isa = PBXFileReference; lastKnownFileType = wrapper.scnassets; path = art.scnassets; sourceTree = "<group>"; };
		B36FF4D524CCF1C40046BD39 /* ViewController.swift */ = {isa = PBXFileReference; lastKnownFileType = sourcecode.swift; path = ViewController.swift; sourceTree = "<group>"; };
		B36FF4D824CCF1C40046BD39 /* Base */ = {isa = PBXFileReference; lastKnownFileType = file.storyboard; name = Base; path = Base.lproj/Main.storyboard; sourceTree = "<group>"; };
		B36FF4DA24CCF1C50046BD39 /* Assets.xcassets */ = {isa = PBXFileReference; lastKnownFileType = folder.assetcatalog; path = Assets.xcassets; sourceTree = "<group>"; };
		B36FF4DD24CCF1C50046BD39 /* Base */ = {isa = PBXFileReference; lastKnownFileType = file.storyboard; name = Base; path = Base.lproj/LaunchScreen.storyboard; sourceTree = "<group>"; };
		B36FF4DF24CCF1C50046BD39 /* Info.plist */ = {isa = PBXFileReference; lastKnownFileType = text.plist.xml; path = Info.plist; sourceTree = "<group>"; };
		B36FF4E424CCF1C50046BD39 /* Knot VisualizerTests.xctest */ = {isa = PBXFileReference; explicitFileType = wrapper.cfbundle; includeInIndex = 0; path = "Knot VisualizerTests.xctest"; sourceTree = BUILT_PRODUCTS_DIR; };
		B36FF4E824CCF1C50046BD39 /* Knot_VisualizerTests.swift */ = {isa = PBXFileReference; lastKnownFileType = sourcecode.swift; path = Knot_VisualizerTests.swift; sourceTree = "<group>"; };
		B36FF4EA24CCF1C50046BD39 /* Info.plist */ = {isa = PBXFileReference; lastKnownFileType = text.plist.xml; path = Info.plist; sourceTree = "<group>"; };
		B36FF4EF24CCF1C50046BD39 /* Knot VisualizerUITests.xctest */ = {isa = PBXFileReference; explicitFileType = wrapper.cfbundle; includeInIndex = 0; path = "Knot VisualizerUITests.xctest"; sourceTree = BUILT_PRODUCTS_DIR; };
		B36FF4F324CCF1C50046BD39 /* Knot_VisualizerUITests.swift */ = {isa = PBXFileReference; lastKnownFileType = sourcecode.swift; path = Knot_VisualizerUITests.swift; sourceTree = "<group>"; };
		B36FF4F524CCF1C50046BD39 /* Info.plist */ = {isa = PBXFileReference; lastKnownFileType = text.plist.xml; path = Info.plist; sourceTree = "<group>"; };
		B36FF50524CF7BE90046BD39 /* SideBarTableViewController.swift */ = {isa = PBXFileReference; lastKnownFileType = sourcecode.swift; path = SideBarTableViewController.swift; sourceTree = "<group>"; };
		B36FF50824CF7DDA0046BD39 /* Knot.swift */ = {isa = PBXFileReference; lastKnownFileType = sourcecode.swift; path = Knot.swift; sourceTree = "<group>"; };
		B36FF50A24CF84160046BD39 /* KnotState.swift */ = {isa = PBXFileReference; lastKnownFileType = sourcecode.swift; path = KnotState.swift; sourceTree = "<group>"; };
/* End PBXFileReference section */

/* Begin PBXFrameworksBuildPhase section */
		B36FF4CB24CCF1C40046BD39 /* Frameworks */ = {
			isa = PBXFrameworksBuildPhase;
			buildActionMask = 2147483647;
			files = (
			);
			runOnlyForDeploymentPostprocessing = 0;
		};
		B36FF4E124CCF1C50046BD39 /* Frameworks */ = {
			isa = PBXFrameworksBuildPhase;
			buildActionMask = 2147483647;
			files = (
			);
			runOnlyForDeploymentPostprocessing = 0;
		};
		B36FF4EC24CCF1C50046BD39 /* Frameworks */ = {
			isa = PBXFrameworksBuildPhase;
			buildActionMask = 2147483647;
			files = (
			);
			runOnlyForDeploymentPostprocessing = 0;
		};
/* End PBXFrameworksBuildPhase section */

/* Begin PBXGroup section */
		B3620DD124D0FAEA00B662C3 /* Resources */ = {
			isa = PBXGroup;
			children = (
				B3620DD424D0FB4700B662C3 /* download.jpg */,
			);
			path = Resources;
			sourceTree = "<group>";
		};
		B36FF4C524CCF1C40046BD39 = {
			isa = PBXGroup;
			children = (
				B36FF4D024CCF1C40046BD39 /* Knot Visualizer */,
				B36FF4E724CCF1C50046BD39 /* Knot VisualizerTests */,
				B36FF4F224CCF1C50046BD39 /* Knot VisualizerUITests */,
				B36FF4CF24CCF1C40046BD39 /* Products */,
			);
			sourceTree = "<group>";
		};
		B36FF4CF24CCF1C40046BD39 /* Products */ = {
			isa = PBXGroup;
			children = (
				B36FF4CE24CCF1C40046BD39 /* Knot Visualizer.app */,
				B36FF4E424CCF1C50046BD39 /* Knot VisualizerTests.xctest */,
				B36FF4EF24CCF1C50046BD39 /* Knot VisualizerUITests.xctest */,
			);
			name = Products;
			sourceTree = "<group>";
		};
		B36FF4D024CCF1C40046BD39 /* Knot Visualizer */ = {
			isa = PBXGroup;
			children = (
				B3620DD124D0FAEA00B662C3 /* Resources */,
				B36FF50724CF7C8B0046BD39 /* Knots */,
				B36FF50424CF7B7A0046BD39 /* UIElements */,
				B36FF4D124CCF1C40046BD39 /* AppDelegate.swift */,
				B36FF4D324CCF1C40046BD39 /* art.scnassets */,
				B36FF4D524CCF1C40046BD39 /* ViewController.swift */,
				B36FF4D724CCF1C40046BD39 /* Main.storyboard */,
				B36FF4DA24CCF1C50046BD39 /* Assets.xcassets */,
				B36FF4DC24CCF1C50046BD39 /* LaunchScreen.storyboard */,
				B36FF4DF24CCF1C50046BD39 /* Info.plist */,
			);
			path = "Knot Visualizer";
			sourceTree = "<group>";
		};
		B36FF4E724CCF1C50046BD39 /* Knot VisualizerTests */ = {
			isa = PBXGroup;
			children = (
				B36FF4E824CCF1C50046BD39 /* Knot_VisualizerTests.swift */,
				B36FF4EA24CCF1C50046BD39 /* Info.plist */,
			);
			path = "Knot VisualizerTests";
			sourceTree = "<group>";
		};
		B36FF4F224CCF1C50046BD39 /* Knot VisualizerUITests */ = {
			isa = PBXGroup;
			children = (
				B36FF4F324CCF1C50046BD39 /* Knot_VisualizerUITests.swift */,
				B36FF4F524CCF1C50046BD39 /* Info.plist */,
			);
			path = "Knot VisualizerUITests";
			sourceTree = "<group>";
		};
		B36FF50424CF7B7A0046BD39 /* UIElements */ = {
			isa = PBXGroup;
			children = (
				B36FF50524CF7BE90046BD39 /* SideBarTableViewController.swift */,
				B3620DCA24D0B99D00B662C3 /* KnotTableViewCell.swift */,
				B3620DCC24D0E5F800B662C3 /* SideBar.swift */,
			);
			path = UIElements;
			sourceTree = "<group>";
		};
		B36FF50724CF7C8B0046BD39 /* Knots */ = {
			isa = PBXGroup;
			children = (
				B36FF50824CF7DDA0046BD39 /* Knot.swift */,
				B36FF50A24CF84160046BD39 /* KnotState.swift */,
			);
			path = Knots;
			sourceTree = "<group>";
		};
/* End PBXGroup section */

/* Begin PBXNativeTarget section */
		B36FF4CD24CCF1C40046BD39 /* Knot Visualizer */ = {
			isa = PBXNativeTarget;
			buildConfigurationList = B36FF4F824CCF1C50046BD39 /* Build configuration list for PBXNativeTarget "Knot Visualizer" */;
			buildPhases = (
				B36FF4CA24CCF1C40046BD39 /* Sources */,
				B36FF4CB24CCF1C40046BD39 /* Frameworks */,
				B36FF4CC24CCF1C40046BD39 /* Resources */,
			);
			buildRules = (
			);
			dependencies = (
			);
			name = "Knot Visualizer";
			productName = "Knot Visualizer";
			productReference = B36FF4CE24CCF1C40046BD39 /* Knot Visualizer.app */;
			productType = "com.apple.product-type.application";
		};
		B36FF4E324CCF1C50046BD39 /* Knot VisualizerTests */ = {
			isa = PBXNativeTarget;
			buildConfigurationList = B36FF4FB24CCF1C50046BD39 /* Build configuration list for PBXNativeTarget "Knot VisualizerTests" */;
			buildPhases = (
				B36FF4E024CCF1C50046BD39 /* Sources */,
				B36FF4E124CCF1C50046BD39 /* Frameworks */,
				B36FF4E224CCF1C50046BD39 /* Resources */,
			);
			buildRules = (
			);
			dependencies = (
				B36FF4E624CCF1C50046BD39 /* PBXTargetDependency */,
			);
			name = "Knot VisualizerTests";
			productName = "Knot VisualizerTests";
			productReference = B36FF4E424CCF1C50046BD39 /* Knot VisualizerTests.xctest */;
			productType = "com.apple.product-type.bundle.unit-test";
		};
		B36FF4EE24CCF1C50046BD39 /* Knot VisualizerUITests */ = {
			isa = PBXNativeTarget;
			buildConfigurationList = B36FF4FE24CCF1C50046BD39 /* Build configuration list for PBXNativeTarget "Knot VisualizerUITests" */;
			buildPhases = (
				B36FF4EB24CCF1C50046BD39 /* Sources */,
				B36FF4EC24CCF1C50046BD39 /* Frameworks */,
				B36FF4ED24CCF1C50046BD39 /* Resources */,
			);
			buildRules = (
			);
			dependencies = (
				B36FF4F124CCF1C50046BD39 /* PBXTargetDependency */,
			);
			name = "Knot VisualizerUITests";
			productName = "Knot VisualizerUITests";
			productReference = B36FF4EF24CCF1C50046BD39 /* Knot VisualizerUITests.xctest */;
			productType = "com.apple.product-type.bundle.ui-testing";
		};
/* End PBXNativeTarget section */

/* Begin PBXProject section */
		B36FF4C624CCF1C40046BD39 /* Project object */ = {
			isa = PBXProject;
			attributes = {
				LastSwiftUpdateCheck = 1150;
				LastUpgradeCheck = 1150;
				ORGANIZATIONNAME = "Karthik Dharmarajan";
				TargetAttributes = {
					B36FF4CD24CCF1C40046BD39 = {
						CreatedOnToolsVersion = 11.5;
					};
					B36FF4E324CCF1C50046BD39 = {
						CreatedOnToolsVersion = 11.5;
						TestTargetID = B36FF4CD24CCF1C40046BD39;
					};
					B36FF4EE24CCF1C50046BD39 = {
						CreatedOnToolsVersion = 11.5;
						TestTargetID = B36FF4CD24CCF1C40046BD39;
					};
				};
			};
			buildConfigurationList = B36FF4C924CCF1C40046BD39 /* Build configuration list for PBXProject "Knot Visualizer" */;
			compatibilityVersion = "Xcode 9.3";
			developmentRegion = en;
			hasScannedForEncodings = 0;
			knownRegions = (
				en,
				Base,
			);
			mainGroup = B36FF4C524CCF1C40046BD39;
			productRefGroup = B36FF4CF24CCF1C40046BD39 /* Products */;
			projectDirPath = "";
			projectRoot = "";
			targets = (
				B36FF4CD24CCF1C40046BD39 /* Knot Visualizer */,
				B36FF4E324CCF1C50046BD39 /* Knot VisualizerTests */,
				B36FF4EE24CCF1C50046BD39 /* Knot VisualizerUITests */,
			);
		};
/* End PBXProject section */

/* Begin PBXResourcesBuildPhase section */
		B36FF4CC24CCF1C40046BD39 /* Resources */ = {
			isa = PBXResourcesBuildPhase;
			buildActionMask = 2147483647;
			files = (
				B36FF4D424CCF1C40046BD39 /* art.scnassets in Resources */,
				B3620DD524D0FB4700B662C3 /* download.jpg in Resources */,
				B36FF4DE24CCF1C50046BD39 /* LaunchScreen.storyboard in Resources */,
				B36FF4DB24CCF1C50046BD39 /* Assets.xcassets in Resources */,
				B36FF4D924CCF1C40046BD39 /* Main.storyboard in Resources */,
			);
			runOnlyForDeploymentPostprocessing = 0;
		};
		B36FF4E224CCF1C50046BD39 /* Resources */ = {
			isa = PBXResourcesBuildPhase;
			buildActionMask = 2147483647;
			files = (
			);
			runOnlyForDeploymentPostprocessing = 0;
		};
		B36FF4ED24CCF1C50046BD39 /* Resources */ = {
			isa = PBXResourcesBuildPhase;
			buildActionMask = 2147483647;
			files = (
			);
			runOnlyForDeploymentPostprocessing = 0;
		};
/* End PBXResourcesBuildPhase section */

/* Begin PBXSourcesBuildPhase section */
		B36FF4CA24CCF1C40046BD39 /* Sources */ = {
			isa = PBXSourcesBuildPhase;
			buildActionMask = 2147483647;
			files = (
				B36FF4D624CCF1C40046BD39 /* ViewController.swift in Sources */,
				B36FF50B24CF84160046BD39 /* KnotState.swift in Sources */,
				B3620DCD24D0E5F800B662C3 /* SideBar.swift in Sources */,
				B36FF50924CF7DDA0046BD39 /* Knot.swift in Sources */,
				B3620DCB24D0B99D00B662C3 /* KnotTableViewCell.swift in Sources */,
				B36FF50624CF7BE90046BD39 /* SideBarTableViewController.swift in Sources */,
				B36FF4D224CCF1C40046BD39 /* AppDelegate.swift in Sources */,
			);
			runOnlyForDeploymentPostprocessing = 0;
		};
		B36FF4E024CCF1C50046BD39 /* Sources */ = {
			isa = PBXSourcesBuildPhase;
			buildActionMask = 2147483647;
			files = (
				B36FF4E924CCF1C50046BD39 /* Knot_VisualizerTests.swift in Sources */,
			);
			runOnlyForDeploymentPostprocessing = 0;
		};
		B36FF4EB24CCF1C50046BD39 /* Sources */ = {
			isa = PBXSourcesBuildPhase;
			buildActionMask = 2147483647;
			files = (
				B36FF4F424CCF1C50046BD39 /* Knot_VisualizerUITests.swift in Sources */,
			);
			runOnlyForDeploymentPostprocessing = 0;
		};
/* End PBXSourcesBuildPhase section */

/* Begin PBXTargetDependency section */
		B36FF4E624CCF1C50046BD39 /* PBXTargetDependency */ = {
			isa = PBXTargetDependency;
			target = B36FF4CD24CCF1C40046BD39 /* Knot Visualizer */;
			targetProxy = B36FF4E524CCF1C50046BD39 /* PBXContainerItemProxy */;
		};
		B36FF4F124CCF1C50046BD39 /* PBXTargetDependency */ = {
			isa = PBXTargetDependency;
			target = B36FF4CD24CCF1C40046BD39 /* Knot Visualizer */;
			targetProxy = B36FF4F024CCF1C50046BD39 /* PBXContainerItemProxy */;
		};
/* End PBXTargetDependency section */

/* Begin PBXVariantGroup section */
		B36FF4D724CCF1C40046BD39 /* Main.storyboard */ = {
			isa = PBXVariantGroup;
			children = (
				B36FF4D824CCF1C40046BD39 /* Base */,
			);
			name = Main.storyboard;
			sourceTree = "<group>";
		};
		B36FF4DC24CCF1C50046BD39 /* LaunchScreen.storyboard */ = {
			isa = PBXVariantGroup;
			children = (
				B36FF4DD24CCF1C50046BD39 /* Base */,
			);
			name = LaunchScreen.storyboard;
			sourceTree = "<group>";
		};
/* End PBXVariantGroup section */

/* Begin XCBuildConfiguration section */
		B36FF4F624CCF1C50046BD39 /* Debug */ = {
			isa = XCBuildConfiguration;
			buildSettings = {
				ALWAYS_SEARCH_USER_PATHS = NO;
				CLANG_ANALYZER_NONNULL = YES;
				CLANG_ANALYZER_NUMBER_OBJECT_CONVERSION = YES_AGGRESSIVE;
				CLANG_CXX_LANGUAGE_STANDARD = "gnu++14";
				CLANG_CXX_LIBRARY = "libc++";
				CLANG_ENABLE_MODULES = YES;
				CLANG_ENABLE_OBJC_ARC = YES;
				CLANG_ENABLE_OBJC_WEAK = YES;
				CLANG_WARN_BLOCK_CAPTURE_AUTORELEASING = YES;
				CLANG_WARN_BOOL_CONVERSION = YES;
				CLANG_WARN_COMMA = YES;
				CLANG_WARN_CONSTANT_CONVERSION = YES;
				CLANG_WARN_DEPRECATED_OBJC_IMPLEMENTATIONS = YES;
				CLANG_WARN_DIRECT_OBJC_ISA_USAGE = YES_ERROR;
				CLANG_WARN_DOCUMENTATION_COMMENTS = YES;
				CLANG_WARN_EMPTY_BODY = YES;
				CLANG_WARN_ENUM_CONVERSION = YES;
				CLANG_WARN_INFINITE_RECURSION = YES;
				CLANG_WARN_INT_CONVERSION = YES;
				CLANG_WARN_NON_LITERAL_NULL_CONVERSION = YES;
				CLANG_WARN_OBJC_IMPLICIT_RETAIN_SELF = YES;
				CLANG_WARN_OBJC_LITERAL_CONVERSION = YES;
				CLANG_WARN_OBJC_ROOT_CLASS = YES_ERROR;
				CLANG_WARN_RANGE_LOOP_ANALYSIS = YES;
				CLANG_WARN_STRICT_PROTOTYPES = YES;
				CLANG_WARN_SUSPICIOUS_MOVE = YES;
				CLANG_WARN_UNGUARDED_AVAILABILITY = YES_AGGRESSIVE;
				CLANG_WARN_UNREACHABLE_CODE = YES;
				CLANG_WARN__DUPLICATE_METHOD_MATCH = YES;
				COPY_PHASE_STRIP = NO;
				DEBUG_INFORMATION_FORMAT = dwarf;
				ENABLE_STRICT_OBJC_MSGSEND = YES;
				ENABLE_TESTABILITY = YES;
				GCC_C_LANGUAGE_STANDARD = gnu11;
				GCC_DYNAMIC_NO_PIC = NO;
				GCC_NO_COMMON_BLOCKS = YES;
				GCC_OPTIMIZATION_LEVEL = 0;
				GCC_PREPROCESSOR_DEFINITIONS = (
					"DEBUG=1",
					"$(inherited)",
				);
				GCC_WARN_64_TO_32_BIT_CONVERSION = YES;
				GCC_WARN_ABOUT_RETURN_TYPE = YES_ERROR;
				GCC_WARN_UNDECLARED_SELECTOR = YES;
				GCC_WARN_UNINITIALIZED_AUTOS = YES_AGGRESSIVE;
				GCC_WARN_UNUSED_FUNCTION = YES;
				GCC_WARN_UNUSED_VARIABLE = YES;
				IPHONEOS_DEPLOYMENT_TARGET = 13.5;
				MTL_ENABLE_DEBUG_INFO = INCLUDE_SOURCE;
				MTL_FAST_MATH = YES;
				ONLY_ACTIVE_ARCH = YES;
				SDKROOT = iphoneos;
				SWIFT_ACTIVE_COMPILATION_CONDITIONS = DEBUG;
				SWIFT_OPTIMIZATION_LEVEL = "-Onone";
			};
			name = Debug;
		};
		B36FF4F724CCF1C50046BD39 /* Release */ = {
			isa = XCBuildConfiguration;
			buildSettings = {
				ALWAYS_SEARCH_USER_PATHS = NO;
				CLANG_ANALYZER_NONNULL = YES;
				CLANG_ANALYZER_NUMBER_OBJECT_CONVERSION = YES_AGGRESSIVE;
				CLANG_CXX_LANGUAGE_STANDARD = "gnu++14";
				CLANG_CXX_LIBRARY = "libc++";
				CLANG_ENABLE_MODULES = YES;
				CLANG_ENABLE_OBJC_ARC = YES;
				CLANG_ENABLE_OBJC_WEAK = YES;
				CLANG_WARN_BLOCK_CAPTURE_AUTORELEASING = YES;
				CLANG_WARN_BOOL_CONVERSION = YES;
				CLANG_WARN_COMMA = YES;
				CLANG_WARN_CONSTANT_CONVERSION = YES;
				CLANG_WARN_DEPRECATED_OBJC_IMPLEMENTATIONS = YES;
				CLANG_WARN_DIRECT_OBJC_ISA_USAGE = YES_ERROR;
				CLANG_WARN_DOCUMENTATION_COMMENTS = YES;
				CLANG_WARN_EMPTY_BODY = YES;
				CLANG_WARN_ENUM_CONVERSION = YES;
				CLANG_WARN_INFINITE_RECURSION = YES;
				CLANG_WARN_INT_CONVERSION = YES;
				CLANG_WARN_NON_LITERAL_NULL_CONVERSION = YES;
				CLANG_WARN_OBJC_IMPLICIT_RETAIN_SELF = YES;
				CLANG_WARN_OBJC_LITERAL_CONVERSION = YES;
				CLANG_WARN_OBJC_ROOT_CLASS = YES_ERROR;
				CLANG_WARN_RANGE_LOOP_ANALYSIS = YES;
				CLANG_WARN_STRICT_PROTOTYPES = YES;
				CLANG_WARN_SUSPICIOUS_MOVE = YES;
				CLANG_WARN_UNGUARDED_AVAILABILITY = YES_AGGRESSIVE;
				CLANG_WARN_UNREACHABLE_CODE = YES;
				CLANG_WARN__DUPLICATE_METHOD_MATCH = YES;
				COPY_PHASE_STRIP = NO;
				DEBUG_INFORMATION_FORMAT = "dwarf-with-dsym";
				ENABLE_NS_ASSERTIONS = NO;
				ENABLE_STRICT_OBJC_MSGSEND = YES;
				GCC_C_LANGUAGE_STANDARD = gnu11;
				GCC_NO_COMMON_BLOCKS = YES;
				GCC_WARN_64_TO_32_BIT_CONVERSION = YES;
				GCC_WARN_ABOUT_RETURN_TYPE = YES_ERROR;
				GCC_WARN_UNDECLARED_SELECTOR = YES;
				GCC_WARN_UNINITIALIZED_AUTOS = YES_AGGRESSIVE;
				GCC_WARN_UNUSED_FUNCTION = YES;
				GCC_WARN_UNUSED_VARIABLE = YES;
				IPHONEOS_DEPLOYMENT_TARGET = 13.5;
				MTL_ENABLE_DEBUG_INFO = NO;
				MTL_FAST_MATH = YES;
				SDKROOT = iphoneos;
				SWIFT_COMPILATION_MODE = wholemodule;
				SWIFT_OPTIMIZATION_LEVEL = "-O";
				VALIDATE_PRODUCT = YES;
			};
			name = Release;
		};
		B36FF4F924CCF1C50046BD39 /* Debug */ = {
			isa = XCBuildConfiguration;
			buildSettings = {
				ASSETCATALOG_COMPILER_APPICON_NAME = AppIcon;
				CODE_SIGN_STYLE = Automatic;
				DEVELOPMENT_TEAM = 3T5QANZJYJ;
				INFOPLIST_FILE = "Knot Visualizer/Info.plist";
				LD_RUNPATH_SEARCH_PATHS = (
					"$(inherited)",
					"@executable_path/Frameworks",
				);
				PRODUCT_BUNDLE_IDENTIFIER = "mathematician.Knot-Visualizer";
				PRODUCT_NAME = "$(TARGET_NAME)";
				SWIFT_VERSION = 5.0;
				TARGETED_DEVICE_FAMILY = "1,2";
			};
			name = Debug;
		};
		B36FF4FA24CCF1C50046BD39 /* Release */ = {
			isa = XCBuildConfiguration;
			buildSettings = {
				ASSETCATALOG_COMPILER_APPICON_NAME = AppIcon;
				CODE_SIGN_STYLE = Automatic;
				DEVELOPMENT_TEAM = 3T5QANZJYJ;
				INFOPLIST_FILE = "Knot Visualizer/Info.plist";
				LD_RUNPATH_SEARCH_PATHS = (
					"$(inherited)",
					"@executable_path/Frameworks",
				);
				PRODUCT_BUNDLE_IDENTIFIER = "mathematician.Knot-Visualizer";
				PRODUCT_NAME = "$(TARGET_NAME)";
				SWIFT_VERSION = 5.0;
				TARGETED_DEVICE_FAMILY = "1,2";
			};
			name = Release;
		};
		B36FF4FC24CCF1C50046BD39 /* Debug */ = {
			isa = XCBuildConfiguration;
			buildSettings = {
				ALWAYS_EMBED_SWIFT_STANDARD_LIBRARIES = YES;
				BUNDLE_LOADER = "$(TEST_HOST)";
				CODE_SIGN_STYLE = Automatic;
				DEVELOPMENT_TEAM = 3T5QANZJYJ;
				INFOPLIST_FILE = "Knot VisualizerTests/Info.plist";
				IPHONEOS_DEPLOYMENT_TARGET = 13.5;
				LD_RUNPATH_SEARCH_PATHS = (
					"$(inherited)",
					"@executable_path/Frameworks",
					"@loader_path/Frameworks",
				);
				PRODUCT_BUNDLE_IDENTIFIER = "mathematician.Knot-VisualizerTests";
				PRODUCT_NAME = "$(TARGET_NAME)";
				SWIFT_VERSION = 5.0;
				TARGETED_DEVICE_FAMILY = "1,2";
				TEST_HOST = "$(BUILT_PRODUCTS_DIR)/Knot Visualizer.app/Knot Visualizer";
			};
			name = Debug;
		};
		B36FF4FD24CCF1C50046BD39 /* Release */ = {
			isa = XCBuildConfiguration;
			buildSettings = {
				ALWAYS_EMBED_SWIFT_STANDARD_LIBRARIES = YES;
				BUNDLE_LOADER = "$(TEST_HOST)";
				CODE_SIGN_STYLE = Automatic;
				DEVELOPMENT_TEAM = 3T5QANZJYJ;
				INFOPLIST_FILE = "Knot VisualizerTests/Info.plist";
				IPHONEOS_DEPLOYMENT_TARGET = 13.5;
				LD_RUNPATH_SEARCH_PATHS = (
					"$(inherited)",
					"@executable_path/Frameworks",
					"@loader_path/Frameworks",
				);
				PRODUCT_BUNDLE_IDENTIFIER = "mathematician.Knot-VisualizerTests";
				PRODUCT_NAME = "$(TARGET_NAME)";
				SWIFT_VERSION = 5.0;
				TARGETED_DEVICE_FAMILY = "1,2";
				TEST_HOST = "$(BUILT_PRODUCTS_DIR)/Knot Visualizer.app/Knot Visualizer";
			};
			name = Release;
		};
		B36FF4FF24CCF1C50046BD39 /* Debug */ = {
			isa = XCBuildConfiguration;
			buildSettings = {
				ALWAYS_EMBED_SWIFT_STANDARD_LIBRARIES = YES;
				CODE_SIGN_STYLE = Automatic;
				DEVELOPMENT_TEAM = 3T5QANZJYJ;
				INFOPLIST_FILE = "Knot VisualizerUITests/Info.plist";
				LD_RUNPATH_SEARCH_PATHS = (
					"$(inherited)",
					"@executable_path/Frameworks",
					"@loader_path/Frameworks",
				);
				PRODUCT_BUNDLE_IDENTIFIER = "mathematician.Knot-VisualizerUITests";
				PRODUCT_NAME = "$(TARGET_NAME)";
				SWIFT_VERSION = 5.0;
				TARGETED_DEVICE_FAMILY = "1,2";
				TEST_TARGET_NAME = "Knot Visualizer";
			};
			name = Debug;
		};
		B36FF50024CCF1C50046BD39 /* Release */ = {
			isa = XCBuildConfiguration;
			buildSettings = {
				ALWAYS_EMBED_SWIFT_STANDARD_LIBRARIES = YES;
				CODE_SIGN_STYLE = Automatic;
				DEVELOPMENT_TEAM = 3T5QANZJYJ;
				INFOPLIST_FILE = "Knot VisualizerUITests/Info.plist";
				LD_RUNPATH_SEARCH_PATHS = (
					"$(inherited)",
					"@executable_path/Frameworks",
					"@loader_path/Frameworks",
				);
				PRODUCT_BUNDLE_IDENTIFIER = "mathematician.Knot-VisualizerUITests";
				PRODUCT_NAME = "$(TARGET_NAME)";
				SWIFT_VERSION = 5.0;
				TARGETED_DEVICE_FAMILY = "1,2";
				TEST_TARGET_NAME = "Knot Visualizer";
			};
			name = Release;
		};
/* End XCBuildConfiguration section */

/* Begin XCConfigurationList section */
		B36FF4C924CCF1C40046BD39 /* Build configuration list for PBXProject "Knot Visualizer" */ = {
			isa = XCConfigurationList;
			buildConfigurations = (
				B36FF4F624CCF1C50046BD39 /* Debug */,
				B36FF4F724CCF1C50046BD39 /* Release */,
			);
			defaultConfigurationIsVisible = 0;
			defaultConfigurationName = Release;
		};
		B36FF4F824CCF1C50046BD39 /* Build configuration list for PBXNativeTarget "Knot Visualizer" */ = {
			isa = XCConfigurationList;
			buildConfigurations = (
				B36FF4F924CCF1C50046BD39 /* Debug */,
				B36FF4FA24CCF1C50046BD39 /* Release */,
			);
			defaultConfigurationIsVisible = 0;
			defaultConfigurationName = Release;
		};
		B36FF4FB24CCF1C50046BD39 /* Build configuration list for PBXNativeTarget "Knot VisualizerTests" */ = {
			isa = XCConfigurationList;
			buildConfigurations = (
				B36FF4FC24CCF1C50046BD39 /* Debug */,
				B36FF4FD24CCF1C50046BD39 /* Release */,
			);
			defaultConfigurationIsVisible = 0;
			defaultConfigurationName = Release;
		};
		B36FF4FE24CCF1C50046BD39 /* Build configuration list for PBXNativeTarget "Knot VisualizerUITests" */ = {
			isa = XCConfigurationList;
			buildConfigurations = (
				B36FF4FF24CCF1C50046BD39 /* Debug */,
				B36FF50024CCF1C50046BD39 /* Release */,
			);
			defaultConfigurationIsVisible = 0;
			defaultConfigurationName = Release;
		};
/* End XCConfigurationList section */
	};
	rootObject = B36FF4C624CCF1C40046BD39 /* Project object */;
}
